<?xml version="1.0" encoding="utf-8"?>
<Project ToolsVersion="4.0" xmlns="http://schemas.microsoft.com/developer/msbuild/2003">
  <ItemGroup>
    <Filter Include="Source Files">
      <UniqueIdentifier>{4FC737F1-C7A5-4376-A066-2A32D752A2FF}</UniqueIdentifier>
      <Extensions>cpp;c;cc;cxx;def;odl;idl;hpj;bat;asm;asmx</Extensions>
    </Filter>
    <Filter Include="Header Files">
      <UniqueIdentifier>{93995380-89BD-4b04-88EB-625FBE52EBFB}</UniqueIdentifier>
      <Extensions>h;hh;hpp;hxx;hm;inl;inc;xsd</Extensions>
    </Filter>
    <Filter Include="Resource Files">
      <UniqueIdentifier>{67DA6AB6-F800-4c08-8B7A-83BB121AAD01}</UniqueIdentifier>
      <Extensions>rc;ico;cur;bmp;dlg;rc2;rct;bin;rgs;gif;jpg;jpeg;jpe;resx;tiff;tif;png;wav;mfcribbon-ms</Extensions>
    </Filter>
    <Filter Include="Header Files\NES emulator">
      <UniqueIdentifier>{9fc138c3-bcfe-4b75-903b-6b04d096dea4}</UniqueIdentifier>
    </Filter>
    <Filter Include="Source Files\NES emulator">
      <UniqueIdentifier>{c3956b1a-597d-4ff4-9c43-55784211d148}</UniqueIdentifier>
    </Filter>
    <Filter Include="Source Files\NES emulator\Mappers">
      <UniqueIdentifier>{cca67855-4be9-4076-b366-c2ad9fd51bf8}</UniqueIdentifier>
    </Filter>
    <Filter Include="Header Files\NES emulator\Mappers">
      <UniqueIdentifier>{47533f7f-cf9a-4a2b-8b96-194151706aa5}</UniqueIdentifier>
    </Filter>
  </ItemGroup>
  <ItemGroup>
    <ClCompile Include="Core\Source Files\Controller.cpp">
      <Filter>Source Files\NES emulator</Filter>
    </ClCompile>
    <ClCompile Include="Core\Source Files\CPU6502.cpp">
      <Filter>Source Files\NES emulator</Filter>
    </ClCompile>
    <ClCompile Include="Core\Source Files\Display.cpp">
      <Filter>Source Files\NES emulator</Filter>
    </ClCompile>
    <ClCompile Include="Core\Source Files\Memory.cpp">
      <Filter>Source Files\NES emulator</Filter>
    </ClCompile>
    <ClCompile Include="Core\Source Files\NES.cpp">
      <Filter>Source Files\NES emulator</Filter>
    </ClCompile>
    <ClCompile Include="Core\Source Files\PPU.cpp">
      <Filter>Source Files\NES emulator</Filter>
    </ClCompile>
    <ClCompile Include="Core\Source Files\PPUMemory.cpp">
      <Filter>Source Files\NES emulator</Filter>
    </ClCompile>
    <ClCompile Include="Core\Source Files\ROMLoader.cpp">
      <Filter>Source Files\NES emulator</Filter>
    </ClCompile>
    <ClCompile Include="Core\Source Files\Mappers\Mapper0.cpp">
      <Filter>Source Files\NES emulator\Mappers</Filter>
    </ClCompile>
    <ClCompile Include="Core\Source Files\Mappers\Mapper1.cpp">
      <Filter>Source Files\NES emulator\Mappers</Filter>
    </ClCompile>
    <ClCompile Include="Core\Source Files\Mappers\Mapper2.cpp">
      <Filter>Source Files\NES emulator\Mappers</Filter>
    </ClCompile>
    <ClCompile Include="Core\Source Files\Mappers\Mapper3.cpp">
      <Filter>Source Files\NES emulator\Mappers</Filter>
    </ClCompile>
    <ClCompile Include="UI\Source Files\GUI.cpp">
      <Filter>Source Files</Filter>
    </ClCompile>
    <ClCompile Include="UI\Header Files\MainMenuState.cpp">
      <Filter>Source Files</Filter>
    </ClCompile>
    <ClCompile Include="UI\Header Files\Button.cpp">
      <Filter>Source Files</Filter>
    </ClCompile>
    <ClCompile Include="UI\Header Files\ROMLibraryState.cpp">
      <Filter>Source Files</Filter>
    </ClCompile>
    <ClCompile Include="UI\Header Files\ImageButton.cpp">
      <Filter>Source Files</Filter>
    </ClCompile>
    <ClCompile Include="UI\Header Files\GameActiveState.cpp">
      <Filter>Source Files</Filter>
    </ClCompile>
    <ClCompile Include="UI\Header Files\Image.cpp">
      <Filter>Source Files</Filter>
    </ClCompile>
    <ClCompile Include="UI\Header Files\InputState.cpp">
      <Filter>Source Files</Filter>
    </ClCompile>
    <ClCompile Include="UI\Header Files\InputHandler.cpp">
      <Filter>Source Files</Filter>
    </ClCompile>
  </ItemGroup>
  <ItemGroup>
    <ClInclude Include="Core\Header Files\Controller.h">
      <Filter>Header Files\NES emulator</Filter>
    </ClInclude>
    <ClInclude Include="Core\Header Files\CPU6502.h">
      <Filter>Header Files\NES emulator</Filter>
    </ClInclude>
    <ClInclude Include="Core\Header Files\Display.h">
      <Filter>Header Files\NES emulator</Filter>
    </ClInclude>
    <ClInclude Include="Core\Header Files\Memory.h">
      <Filter>Header Files\NES emulator</Filter>
    </ClInclude>
    <ClInclude Include="Core\Header Files\NES.h">
      <Filter>Header Files\NES emulator</Filter>
    </ClInclude>
    <ClInclude Include="Core\Header Files\PPU.h">
      <Filter>Header Files\NES emulator</Filter>
    </ClInclude>
    <ClInclude Include="Core\Header Files\PPUMemory.h">
      <Filter>Header Files\NES emulator</Filter>
    </ClInclude>
    <ClInclude Include="Core\Header Files\ROMLoader.h">
      <Filter>Header Files\NES emulator</Filter>
    </ClInclude>
    <ClInclude Include="Core\Header Files\Mappers\Mapper.h">
      <Filter>Header Files\NES emulator\Mappers</Filter>
    </ClInclude>
    <ClInclude Include="Core\Header Files\Mappers\Mapper0.h">
      <Filter>Header Files\NES emulator\Mappers</Filter>
    </ClInclude>
    <ClInclude Include="Core\Header Files\Mappers\Mapper1.h">
      <Filter>Header Files\NES emulator\Mappers</Filter>
    </ClInclude>
    <ClInclude Include="Core\Header Files\Mappers\Mapper2.h">
      <Filter>Header Files\NES emulator\Mappers</Filter>
    </ClInclude>
    <ClInclude Include="Core\Header Files\Mappers\Mapper3.h">
      <Filter>Header Files\NES emulator\Mappers</Filter>
    </ClInclude>
    <ClInclude Include="UI\Source Files\ImGui\imgui_impl_sdl.h">
      <Filter>Header Files</Filter>
    </ClInclude>
    <ClInclude Include="UI\Header Files\GUI.h">
      <Filter>Header Files</Filter>
    </ClInclude>
    <ClInclude Include="Core\Header Files\ROMInfo.h">
      <Filter>Header Files</Filter>
    </ClInclude>
    <ClInclude Include="UI\Header Files\UIState.h">
      <Filter>Header Files</Filter>
    </ClInclude>
    <ClInclude Include="UI\Header Files\MainMenuState.h">
      <Filter>Header Files</Filter>
    </ClInclude>
    <ClInclude Include="UI\Header Files\TextBox.h">
      <Filter>Header Files</Filter>
    </ClInclude>
    <ClInclude Include="UI\Header Files\Button.h">
      <Filter>Header Files</Filter>
    </ClInclude>
    <ClInclude Include="UI\Header Files\UIElement.h">
      <Filter>Header Files</Filter>
    </ClInclude>
    <ClInclude Include="Util\FSM\FSM.hpp">
      <Filter>Header Files</Filter>
    </ClInclude>
    <ClInclude Include="UI\Header Files\UIUtil.h">
      <Filter>Header Files</Filter>
    </ClInclude>
    <ClInclude Include="UI\Header Files\Rect.h">
      <Filter>Header Files</Filter>
    </ClInclude>
    <ClInclude Include="UI\Header Files\ROMLibraryState.h">
      <Filter>Header Files</Filter>
    </ClInclude>
    <ClInclude Include="UI\Header Files\ImageButton.h">
      <Filter>Header Files</Filter>
    </ClInclude>
    <ClInclude Include="UI\Header Files\GameActiveState.h">
      <Filter>Header Files</Filter>
    </ClInclude>
    <ClInclude Include="UI\Header Files\Image.h">
      <Filter>Header Files</Filter>
    </ClInclude>
    <ClInclude Include="UI\Header Files\InputState.h">
      <Filter>Header Files</Filter>
    </ClInclude>
    <ClInclude Include="UI\Header Files\InputHandler.h">
      <Filter>Header Files</Filter>
    </ClInclude>
  </ItemGroup>
</Project>